<?xml version="1.0" encoding="UTF-8"?>
<!DOCTYPE plist PUBLIC "-//Apple//DTD PLIST 1.0//EN" "http://www.apple.com/DTDs/PropertyList-1.0.dtd">
<plist version="1.0">
<dict>
	<key>archiveVersion</key>
	<string>1</string>
	<key>classes</key>
	<dict/>
	<key>objectVersion</key>
	<string>46</string>
	<key>objects</key>
	<dict>
		<key>11DB2ECC15DB1B4F00320949</key>
		<dict>
			<key>children</key>
			<array>
				<string>11DB2EE115DB1B4F00320949</string>
				<string>11DB2EDA15DB1B4F00320949</string>
				<string>11DB2ED815DB1B4F00320949</string>
				<string>DE6AB9EDFBE74AFDBEAB6624</string>
			</array>
			<key>isa</key>
			<string>PBXGroup</string>
			<key>sourceTree</key>
			<string>&lt;group&gt;</string>
		</dict>
		<key>11DB2ECE15DB1B4F00320949</key>
		<dict>
			<key>attributes</key>
			<dict>
				<key>LastUpgradeCheck</key>
				<string>0430</string>
				<key>ORGANIZATIONNAME</key>
				<string>Hash Map Labs</string>
			</dict>
			<key>buildConfigurationList</key>
			<string>11DB2ED115DB1B4F00320949</string>
			<key>compatibilityVersion</key>
			<string>Xcode 3.2</string>
			<key>developmentRegion</key>
			<string>English</string>
			<key>hasScannedForEncodings</key>
			<string>0</string>
			<key>isa</key>
			<string>PBXProject</string>
			<key>knownRegions</key>
			<array>
				<string>en</string>
			</array>
			<key>mainGroup</key>
			<string>11DB2ECC15DB1B4F00320949</string>
			<key>productRefGroup</key>
			<string>11DB2ED815DB1B4F00320949</string>
			<key>projectDirPath</key>
			<string></string>
			<key>projectRoot</key>
			<string></string>
			<key>targets</key>
			<array>
				<string>11DB2ED615DB1B4F00320949</string>
			</array>
		</dict>
		<key>11DB2ED115DB1B4F00320949</key>
		<dict>
			<key>buildConfigurations</key>
			<array>
				<string>11DB2EF315DB1B4F00320949</string>
				<string>11DB2EF415DB1B4F00320949</string>
			</array>
			<key>defaultConfigurationIsVisible</key>
			<string>0</string>
			<key>defaultConfigurationName</key>
			<string>Release</string>
			<key>isa</key>
			<string>XCConfigurationList</string>
		</dict>
		<key>11DB2ED315DB1B4F00320949</key>
		<dict>
			<key>buildActionMask</key>
			<string>2147483647</string>
			<key>files</key>
			<array>
				<string>11DB2EE815DB1B4F00320949</string>
				<string>11DB2EEC15DB1B4F00320949</string>
				<string>11DB2EEF15DB1B4F00320949</string>
			</array>
			<key>isa</key>
			<string>PBXSourcesBuildPhase</string>
			<key>runOnlyForDeploymentPostprocessing</key>
			<string>0</string>
		</dict>
		<key>11DB2ED415DB1B4F00320949</key>
		<dict>
			<key>buildActionMask</key>
			<string>2147483647</string>
			<key>files</key>
			<array>
				<string>11DB2EDC15DB1B4F00320949</string>
				<string>11DB2EDE15DB1B4F00320949</string>
				<string>11DB2EE015DB1B4F00320949</string>
				<string>E2B5A62DC8DA46578E35F453</string>
			</array>
			<key>isa</key>
			<string>PBXFrameworksBuildPhase</string>
			<key>runOnlyForDeploymentPostprocessing</key>
			<string>0</string>
		</dict>
		<key>11DB2ED515DB1B4F00320949</key>
		<dict>
			<key>buildActionMask</key>
			<string>2147483647</string>
			<key>files</key>
			<array>
				<string>11DB2EE615DB1B4F00320949</string>
				<string>11DB2EF215DB1B4F00320949</string>
			</array>
			<key>isa</key>
			<string>PBXResourcesBuildPhase</string>
			<key>runOnlyForDeploymentPostprocessing</key>
			<string>0</string>
		</dict>
		<key>11DB2ED615DB1B4F00320949</key>
		<dict>
			<key>buildConfigurationList</key>
			<string>11DB2EF515DB1B4F00320949</string>
			<key>buildPhases</key>
			<array>
				<string>11DB2ED315DB1B4F00320949</string>
				<string>11DB2ED415DB1B4F00320949</string>
				<string>11DB2ED515DB1B4F00320949</string>
				<string>6B5A26208EA546D4985A2696</string>
			</array>
			<key>buildRules</key>
			<array/>
			<key>dependencies</key>
			<array/>
			<key>isa</key>
			<string>PBXNativeTarget</string>
			<key>name</key>
			<string>SimpleRestKit</string>
			<key>productName</key>
			<string>SimpleRestKit</string>
			<key>productReference</key>
			<string>11DB2ED715DB1B4F00320949</string>
			<key>productType</key>
			<string>com.apple.product-type.application</string>
		</dict>
		<key>11DB2ED715DB1B4F00320949</key>
		<dict>
			<key>explicitFileType</key>
			<string>wrapper.application</string>
			<key>includeInIndex</key>
			<string>0</string>
			<key>isa</key>
			<string>PBXFileReference</string>
			<key>name</key>
			<string>SimpleRestKit.app</string>
			<key>path</key>
			<string>SimpleRestKit.app</string>
			<key>sourceTree</key>
			<string>BUILT_PRODUCTS_DIR</string>
		</dict>
		<key>11DB2ED815DB1B4F00320949</key>
		<dict>
			<key>children</key>
			<array>
				<string>11DB2ED715DB1B4F00320949</string>
			</array>
			<key>isa</key>
			<string>PBXGroup</string>
			<key>name</key>
			<string>Products</string>
			<key>sourceTree</key>
			<string>&lt;group&gt;</string>
		</dict>
		<key>11DB2EDA15DB1B4F00320949</key>
		<dict>
			<key>children</key>
			<array>
				<string>11DB2EDB15DB1B4F00320949</string>
				<string>11DB2EDD15DB1B4F00320949</string>
				<string>11DB2EDF15DB1B4F00320949</string>
				<string>5F95C4BA0D2C4CA1B5E2C283</string>
			</array>
			<key>isa</key>
			<string>PBXGroup</string>
			<key>name</key>
			<string>Frameworks</string>
			<key>sourceTree</key>
			<string>&lt;group&gt;</string>
		</dict>
		<key>11DB2EDB15DB1B4F00320949</key>
		<dict>
			<key>includeInIndex</key>
			<string>1</string>
			<key>isa</key>
			<string>PBXFileReference</string>
			<key>lastKnownFileType</key>
			<string>wrapper.framework</string>
			<key>name</key>
			<string>UIKit.framework</string>
			<key>path</key>
			<string>System/Library/Frameworks/UIKit.framework</string>
			<key>sourceTree</key>
			<string>SDKROOT</string>
		</dict>
		<key>11DB2EDC15DB1B4F00320949</key>
		<dict>
			<key>fileRef</key>
			<string>11DB2EDB15DB1B4F00320949</string>
			<key>isa</key>
			<string>PBXBuildFile</string>
		</dict>
		<key>11DB2EDD15DB1B4F00320949</key>
		<dict>
			<key>includeInIndex</key>
			<string>1</string>
			<key>isa</key>
			<string>PBXFileReference</string>
			<key>lastKnownFileType</key>
			<string>wrapper.framework</string>
			<key>name</key>
			<string>Foundation.framework</string>
			<key>path</key>
			<string>System/Library/Frameworks/Foundation.framework</string>
			<key>sourceTree</key>
			<string>SDKROOT</string>
		</dict>
		<key>11DB2EDE15DB1B4F00320949</key>
		<dict>
			<key>fileRef</key>
			<string>11DB2EDD15DB1B4F00320949</string>
			<key>isa</key>
			<string>PBXBuildFile</string>
		</dict>
		<key>11DB2EDF15DB1B4F00320949</key>
		<dict>
			<key>includeInIndex</key>
			<string>1</string>
			<key>isa</key>
			<string>PBXFileReference</string>
			<key>lastKnownFileType</key>
			<string>wrapper.framework</string>
			<key>name</key>
			<string>CoreGraphics.framework</string>
			<key>path</key>
			<string>System/Library/Frameworks/CoreGraphics.framework</string>
			<key>sourceTree</key>
			<string>SDKROOT</string>
		</dict>
		<key>11DB2EE015DB1B4F00320949</key>
		<dict>
			<key>fileRef</key>
			<string>11DB2EDF15DB1B4F00320949</string>
			<key>isa</key>
			<string>PBXBuildFile</string>
		</dict>
		<key>11DB2EE115DB1B4F00320949</key>
		<dict>
			<key>children</key>
			<array>
				<string>11DB2EEA15DB1B4F00320949</string>
				<string>11DB2EEB15DB1B4F00320949</string>
				<string>11DB2EED15DB1B4F00320949</string>
				<string>11DB2EEE15DB1B4F00320949</string>
				<string>11DB2EF015DB1B4F00320949</string>
				<string>11DB2EE215DB1B4F00320949</string>
			</array>
			<key>isa</key>
			<string>PBXGroup</string>
			<key>path</key>
			<string>SimpleRestKit</string>
			<key>sourceTree</key>
			<string>&lt;group&gt;</string>
		</dict>
		<key>11DB2EE215DB1B4F00320949</key>
		<dict>
			<key>children</key>
			<array>
				<string>11DB2EE315DB1B4F00320949</string>
				<string>11DB2EE415DB1B4F00320949</string>
				<string>11DB2EE715DB1B4F00320949</string>
				<string>11DB2EE915DB1B4F00320949</string>
			</array>
			<key>isa</key>
			<string>PBXGroup</string>
			<key>name</key>
			<string>Supporting Files</string>
			<key>sourceTree</key>
			<string>&lt;group&gt;</string>
		</dict>
		<key>11DB2EE315DB1B4F00320949</key>
		<dict>
			<key>isa</key>
			<string>PBXFileReference</string>
			<key>lastKnownFileType</key>
			<string>text.plist.xml</string>
			<key>path</key>
			<string>SimpleRestKit-Info.plist</string>
			<key>sourceTree</key>
			<string>&lt;group&gt;</string>
		</dict>
		<key>11DB2EE415DB1B4F00320949</key>
		<dict>
			<key>children</key>
			<array>
				<string>11DB2EE515DB1B4F00320949</string>
			</array>
			<key>isa</key>
			<string>PBXVariantGroup</string>
			<key>name</key>
			<string>InfoPlist.strings</string>
			<key>sourceTree</key>
			<string>&lt;group&gt;</string>
		</dict>
		<key>11DB2EE515DB1B4F00320949</key>
		<dict>
			<key>isa</key>
			<string>PBXFileReference</string>
			<key>lastKnownFileType</key>
			<string>text.plist.strings</string>
			<key>name</key>
			<string>en</string>
			<key>path</key>
			<string>en.lproj/InfoPlist.strings</string>
			<key>sourceTree</key>
			<string>&lt;group&gt;</string>
		</dict>
		<key>11DB2EE615DB1B4F00320949</key>
		<dict>
			<key>fileRef</key>
			<string>11DB2EE415DB1B4F00320949</string>
			<key>isa</key>
			<string>PBXBuildFile</string>
		</dict>
		<key>11DB2EE715DB1B4F00320949</key>
		<dict>
			<key>isa</key>
			<string>PBXFileReference</string>
			<key>lastKnownFileType</key>
			<string>sourcecode.c.objc</string>
			<key>path</key>
			<string>main.m</string>
			<key>sourceTree</key>
			<string>&lt;group&gt;</string>
		</dict>
		<key>11DB2EE815DB1B4F00320949</key>
		<dict>
			<key>fileRef</key>
			<string>11DB2EE715DB1B4F00320949</string>
			<key>isa</key>
			<string>PBXBuildFile</string>
		</dict>
		<key>11DB2EE915DB1B4F00320949</key>
		<dict>
			<key>isa</key>
			<string>PBXFileReference</string>
			<key>lastKnownFileType</key>
			<string>sourcecode.c.h</string>
			<key>path</key>
			<string>SimpleRestKit-Prefix.pch</string>
			<key>sourceTree</key>
			<string>&lt;group&gt;</string>
		</dict>
		<key>11DB2EEA15DB1B4F00320949</key>
		<dict>
			<key>isa</key>
			<string>PBXFileReference</string>
			<key>lastKnownFileType</key>
			<string>sourcecode.c.h</string>
			<key>path</key>
			<string>AppDelegate.h</string>
			<key>sourceTree</key>
			<string>&lt;group&gt;</string>
		</dict>
		<key>11DB2EEB15DB1B4F00320949</key>
		<dict>
			<key>isa</key>
			<string>PBXFileReference</string>
			<key>lastKnownFileType</key>
			<string>sourcecode.c.objc</string>
			<key>path</key>
			<string>AppDelegate.m</string>
			<key>sourceTree</key>
			<string>&lt;group&gt;</string>
		</dict>
		<key>11DB2EEC15DB1B4F00320949</key>
		<dict>
			<key>fileRef</key>
			<string>11DB2EEB15DB1B4F00320949</string>
			<key>isa</key>
			<string>PBXBuildFile</string>
		</dict>
		<key>11DB2EED15DB1B4F00320949</key>
		<dict>
			<key>isa</key>
			<string>PBXFileReference</string>
			<key>lastKnownFileType</key>
			<string>sourcecode.c.h</string>
			<key>path</key>
			<string>ViewController.h</string>
			<key>sourceTree</key>
			<string>&lt;group&gt;</string>
		</dict>
		<key>11DB2EEE15DB1B4F00320949</key>
		<dict>
			<key>isa</key>
			<string>PBXFileReference</string>
			<key>lastKnownFileType</key>
			<string>sourcecode.c.objc</string>
			<key>path</key>
			<string>ViewController.m</string>
			<key>sourceTree</key>
			<string>&lt;group&gt;</string>
		</dict>
		<key>11DB2EEF15DB1B4F00320949</key>
		<dict>
			<key>fileRef</key>
			<string>11DB2EEE15DB1B4F00320949</string>
			<key>isa</key>
			<string>PBXBuildFile</string>
		</dict>
		<key>11DB2EF015DB1B4F00320949</key>
		<dict>
			<key>children</key>
			<array>
				<string>11DB2EF115DB1B4F00320949</string>
			</array>
			<key>isa</key>
			<string>PBXVariantGroup</string>
			<key>name</key>
			<string>ViewController.xib</string>
			<key>sourceTree</key>
			<string>&lt;group&gt;</string>
		</dict>
		<key>11DB2EF115DB1B4F00320949</key>
		<dict>
			<key>isa</key>
			<string>PBXFileReference</string>
			<key>lastKnownFileType</key>
			<string>file.xib</string>
			<key>name</key>
			<string>en</string>
			<key>path</key>
			<string>en.lproj/ViewController.xib</string>
			<key>sourceTree</key>
			<string>&lt;group&gt;</string>
		</dict>
		<key>11DB2EF215DB1B4F00320949</key>
		<dict>
			<key>fileRef</key>
			<string>11DB2EF015DB1B4F00320949</string>
			<key>isa</key>
			<string>PBXBuildFile</string>
		</dict>
		<key>11DB2EF315DB1B4F00320949</key>
		<dict>
			<key>buildSettings</key>
			<dict>
				<key>ALWAYS_SEARCH_USER_PATHS</key>
				<string>NO</string>
				<key>ARCHS</key>
				<string>$(ARCHS_STANDARD_32_BIT)</string>
				<key>CLANG_ENABLE_OBJC_ARC</key>
				<string>YES</string>
				<key>CODE_SIGN_IDENTITY[sdk=iphoneos*]</key>
				<string>iPhone Developer</string>
				<key>COPY_PHASE_STRIP</key>
				<string>NO</string>
				<key>GCC_C_LANGUAGE_STANDARD</key>
				<string>gnu99</string>
				<key>GCC_DYNAMIC_NO_PIC</key>
				<string>NO</string>
				<key>GCC_OPTIMIZATION_LEVEL</key>
				<string>0</string>
				<key>GCC_PREPROCESSOR_DEFINITIONS</key>
				<array>
					<string>DEBUG=1</string>
					<string>$(inherited)</string>
				</array>
				<key>GCC_SYMBOLS_PRIVATE_EXTERN</key>
				<string>NO</string>
				<key>GCC_VERSION</key>
				<string>com.apple.compilers.llvm.clang.1_0</string>
				<key>GCC_WARN_ABOUT_RETURN_TYPE</key>
				<string>YES</string>
				<key>GCC_WARN_UNINITIALIZED_AUTOS</key>
				<string>YES</string>
				<key>GCC_WARN_UNUSED_VARIABLE</key>
				<string>YES</string>
				<key>IPHONEOS_DEPLOYMENT_TARGET</key>
				<string>5.1</string>
				<key>SDKROOT</key>
				<string>iphoneos</string>
			</dict>
			<key>isa</key>
			<string>XCBuildConfiguration</string>
			<key>name</key>
			<string>Debug</string>
		</dict>
		<key>11DB2EF415DB1B4F00320949</key>
		<dict>
			<key>buildSettings</key>
			<dict>
				<key>ALWAYS_SEARCH_USER_PATHS</key>
				<string>NO</string>
				<key>ARCHS</key>
				<string>$(ARCHS_STANDARD_32_BIT)</string>
				<key>CLANG_ENABLE_OBJC_ARC</key>
				<string>YES</string>
				<key>CODE_SIGN_IDENTITY[sdk=iphoneos*]</key>
				<string>iPhone Developer</string>
				<key>COPY_PHASE_STRIP</key>
				<string>YES</string>
				<key>GCC_C_LANGUAGE_STANDARD</key>
				<string>gnu99</string>
				<key>GCC_VERSION</key>
				<string>com.apple.compilers.llvm.clang.1_0</string>
				<key>GCC_WARN_ABOUT_RETURN_TYPE</key>
				<string>YES</string>
				<key>GCC_WARN_UNINITIALIZED_AUTOS</key>
				<string>YES</string>
				<key>GCC_WARN_UNUSED_VARIABLE</key>
				<string>YES</string>
				<key>IPHONEOS_DEPLOYMENT_TARGET</key>
				<string>5.1</string>
				<key>OTHER_CFLAGS</key>
				<string>-DNS_BLOCK_ASSERTIONS=1</string>
				<key>SDKROOT</key>
				<string>iphoneos</string>
				<key>VALIDATE_PRODUCT</key>
				<string>YES</string>
			</dict>
			<key>isa</key>
			<string>XCBuildConfiguration</string>
			<key>name</key>
			<string>Release</string>
		</dict>
		<key>11DB2EF515DB1B4F00320949</key>
		<dict>
			<key>buildConfigurations</key>
			<array>
				<string>11DB2EF615DB1B4F00320949</string>
				<string>11DB2EF715DB1B4F00320949</string>
			</array>
			<key>defaultConfigurationIsVisible</key>
			<string>0</string>
			<key>isa</key>
			<string>XCConfigurationList</string>
		</dict>
		<key>11DB2EF615DB1B4F00320949</key>
		<dict>
			<key>baseConfigurationReference</key>
			<string>DE6AB9EDFBE74AFDBEAB6624</string>
			<key>buildSettings</key>
			<dict>
				<key>GCC_PRECOMPILE_PREFIX_HEADER</key>
				<string>YES</string>
				<key>GCC_PREFIX_HEADER</key>
				<string>SimpleRestKit/SimpleRestKit-Prefix.pch</string>
				<key>INFOPLIST_FILE</key>
				<string>SimpleRestKit/SimpleRestKit-Info.plist</string>
				<key>PRODUCT_NAME</key>
				<string>$(TARGET_NAME)</string>
				<key>WRAPPER_EXTENSION</key>
				<string>app</string>
			</dict>
			<key>isa</key>
			<string>XCBuildConfiguration</string>
			<key>name</key>
			<string>Debug</string>
		</dict>
		<key>11DB2EF715DB1B4F00320949</key>
		<dict>
			<key>baseConfigurationReference</key>
			<string>DE6AB9EDFBE74AFDBEAB6624</string>
			<key>buildSettings</key>
			<dict>
				<key>GCC_PRECOMPILE_PREFIX_HEADER</key>
				<string>YES</string>
				<key>GCC_PREFIX_HEADER</key>
				<string>SimpleRestKit/SimpleRestKit-Prefix.pch</string>
				<key>INFOPLIST_FILE</key>
				<string>SimpleRestKit/SimpleRestKit-Info.plist</string>
				<key>PRODUCT_NAME</key>
				<string>$(TARGET_NAME)</string>
				<key>WRAPPER_EXTENSION</key>
				<string>app</string>
			</dict>
			<key>isa</key>
			<string>XCBuildConfiguration</string>
			<key>name</key>
			<string>Release</string>
		</dict>
		<key>5F95C4BA0D2C4CA1B5E2C283</key>
		<dict>
			<key>explicitFileType</key>
			<string>archive.ar</string>
			<key>includeInIndex</key>
			<string>0</string>
			<key>isa</key>
			<string>PBXFileReference</string>
			<key>name</key>
			<string>libPods.a</string>
			<key>path</key>
			<string>libPods.a</string>
			<key>sourceTree</key>
			<string>BUILT_PRODUCTS_DIR</string>
		</dict>
		<key>6B5A26208EA546D4985A2696</key>
		<dict>
			<key>buildActionMask</key>
			<string>2147483647</string>
			<key>files</key>
			<array/>
			<key>inputPaths</key>
			<array/>
			<key>isa</key>
			<string>PBXShellScriptBuildPhase</string>
			<key>name</key>
			<string>Copy Pods Resources</string>
			<key>outputPaths</key>
			<array/>
			<key>runOnlyForDeploymentPostprocessing</key>
			<string>0</string>
			<key>shellPath</key>
			<string>/bin/sh</string>
			<key>shellScript</key>
			<string>"${SRCROOT}/Pods/Pods-resources.sh"
</string>
		</dict>
		<key>DE6AB9EDFBE74AFDBEAB6624</key>
		<dict>
			<key>includeInIndex</key>
			<string>1</string>
			<key>isa</key>
			<string>PBXFileReference</string>
			<key>lastKnownFileType</key>
			<string>text.xcconfig</string>
			<key>name</key>
			<string>Pods.xcconfig</string>
			<key>path</key>
			<string>Pods/Pods.xcconfig</string>
			<key>sourceTree</key>
			<string>SOURCE_ROOT</string>
		</dict>
		<key>E2B5A62DC8DA46578E35F453</key>
		<dict>
			<key>fileRef</key>
			<string>5F95C4BA0D2C4CA1B5E2C283</string>
			<key>isa</key>
			<string>PBXBuildFile</string>
		</dict>
	</dict>
	<key>rootObject</key>
	<string>11DB2ECE15DB1B4F00320949</string>
</dict>
</plist>
