// !$*UTF8*$!
{
	archiveVersion = 1;
	classes = {
	};
	objectVersion = 46;
	objects = {

/* Begin PBXBuildFile section */
		177C3A821D894EDCA3B0BAFF /* libPods.a in Frameworks */ = {isa = PBXBuildFile; fileRef = 88E718D8B5FB4B7EB56ED7F9 /* libPods.a */; };
		E8355D541600E35300785E2C /* UIKit.framework in Frameworks */ = {isa = PBXBuildFile; fileRef = E8355D531600E35300785E2C /* UIKit.framework */; };
		E8355D561600E35300785E2C /* Foundation.framework in Frameworks */ = {isa = PBXBuildFile; fileRef = E8355D551600E35300785E2C /* Foundation.framework */; };
		E8355D581600E35300785E2C /* CoreGraphics.framework in Frameworks */ = {isa = PBXBuildFile; fileRef = E8355D571600E35300785E2C /* CoreGraphics.framework */; };
		E8355D5E1600E35300785E2C /* InfoPlist.strings in Resources */ = {isa = PBXBuildFile; fileRef = E8355D5C1600E35300785E2C /* InfoPlist.strings */; };
		E8355D601600E35300785E2C /* main.m in Sources */ = {isa = PBXBuildFile; fileRef = E8355D5F1600E35300785E2C /* main.m */; };
		E8355D641600E35300785E2C /* AppDelegate.m in Sources */ = {isa = PBXBuildFile; fileRef = E8355D631600E35300785E2C /* AppDelegate.m */; };
		E8355D6D1600E3AD00785E2C /* DiaryEntriesViewController.m in Sources */ = {isa = PBXBuildFile; fileRef = E8355D6B1600E3AD00785E2C /* DiaryEntriesViewController.m */; };
		E8355D741600E4DC00785E2C /* DiaryStore.m in Sources */ = {isa = PBXBuildFile; fileRef = E8355D731600E4DC00785E2C /* DiaryStore.m */; };
		E89053B11602897B00A822DA /* DiaryEntry.m in Sources */ = {isa = PBXBuildFile; fileRef = E89053B01602897B00A822DA /* DiaryEntry.m */; };
		E89053B416028BED00A822DA /* DiaryEntryModel.xcdatamodeld in Sources */ = {isa = PBXBuildFile; fileRef = E89053B216028BED00A822DA /* DiaryEntryModel.xcdatamodeld */; };
/* End PBXBuildFile section */

/* Begin PBXFileReference section */
		88E718D8B5FB4B7EB56ED7F9 /* libPods.a */ = {isa = PBXFileReference; explicitFileType = archive.ar; includeInIndex = 0; path = libPods.a; sourceTree = BUILT_PRODUCTS_DIR; };
		B87430FD6DB84A2FAC1E083E /* Pods.xcconfig */ = {isa = PBXFileReference; includeInIndex = 1; lastKnownFileType = text.xcconfig; name = Pods.xcconfig; path = Pods/Pods.xcconfig; sourceTree = SOURCE_ROOT; };
		E8355D4F1600E35300785E2C /* BasicAuthClientDemo.app */ = {isa = PBXFileReference; explicitFileType = wrapper.application; includeInIndex = 0; path = BasicAuthClientDemo.app; sourceTree = BUILT_PRODUCTS_DIR; };
		E8355D531600E35300785E2C /* UIKit.framework */ = {isa = PBXFileReference; includeInIndex = 1; lastKnownFileType = wrapper.framework; name = UIKit.framework; path = System/Library/Frameworks/UIKit.framework; sourceTree = SDKROOT; };
		E8355D551600E35300785E2C /* Foundation.framework */ = {isa = PBXFileReference; includeInIndex = 1; lastKnownFileType = wrapper.framework; name = Foundation.framework; path = System/Library/Frameworks/Foundation.framework; sourceTree = SDKROOT; };
		E8355D571600E35300785E2C /* CoreGraphics.framework */ = {isa = PBXFileReference; includeInIndex = 1; lastKnownFileType = wrapper.framework; name = CoreGraphics.framework; path = System/Library/Frameworks/CoreGraphics.framework; sourceTree = SDKROOT; };
		E8355D5B1600E35300785E2C /* BasicAuthClientDemo-Info.plist */ = {isa = PBXFileReference; lastKnownFileType = text.plist.xml; path = "BasicAuthClientDemo-Info.plist"; sourceTree = "<group>"; };
		E8355D5D1600E35300785E2C /* en */ = {isa = PBXFileReference; lastKnownFileType = text.plist.strings; name = en; path = en.lproj/InfoPlist.strings; sourceTree = "<group>"; };
		E8355D5F1600E35300785E2C /* main.m */ = {isa = PBXFileReference; lastKnownFileType = sourcecode.c.objc; path = main.m; sourceTree = "<group>"; };
		E8355D611600E35300785E2C /* BasicAuthClientDemo-Prefix.pch */ = {isa = PBXFileReference; lastKnownFileType = sourcecode.c.h; path = "BasicAuthClientDemo-Prefix.pch"; sourceTree = "<group>"; };
		E8355D621600E35300785E2C /* AppDelegate.h */ = {isa = PBXFileReference; lastKnownFileType = sourcecode.c.h; path = AppDelegate.h; sourceTree = "<group>"; };
		E8355D631600E35300785E2C /* AppDelegate.m */ = {isa = PBXFileReference; lastKnownFileType = sourcecode.c.objc; path = AppDelegate.m; sourceTree = "<group>"; };
		E8355D6A1600E3AD00785E2C /* DiaryEntriesViewController.h */ = {isa = PBXFileReference; fileEncoding = 4; lastKnownFileType = sourcecode.c.h; path = DiaryEntriesViewController.h; sourceTree = "<group>"; };
		E8355D6B1600E3AD00785E2C /* DiaryEntriesViewController.m */ = {isa = PBXFileReference; fileEncoding = 4; lastKnownFileType = sourcecode.c.objc; path = DiaryEntriesViewController.m; sourceTree = "<group>"; };
		E8355D721600E4DC00785E2C /* DiaryStore.h */ = {isa = PBXFileReference; fileEncoding = 4; lastKnownFileType = sourcecode.c.h; path = DiaryStore.h; sourceTree = "<group>"; };
		E8355D731600E4DC00785E2C /* DiaryStore.m */ = {isa = PBXFileReference; fileEncoding = 4; lastKnownFileType = sourcecode.c.objc; path = DiaryStore.m; sourceTree = "<group>"; };
		E89053AF1602897B00A822DA /* DiaryEntry.h */ = {isa = PBXFileReference; fileEncoding = 4; lastKnownFileType = sourcecode.c.h; path = DiaryEntry.h; sourceTree = "<group>"; };
		E89053B01602897B00A822DA /* DiaryEntry.m */ = {isa = PBXFileReference; fileEncoding = 4; lastKnownFileType = sourcecode.c.objc; path = DiaryEntry.m; sourceTree = "<group>"; };
		E89053B316028BED00A822DA /* DiaryEntryModel.xcdatamodel */ = {isa = PBXFileReference; lastKnownFileType = wrapper.xcdatamodel; path = DiaryEntryModel.xcdatamodel; sourceTree = "<group>"; };
/* End PBXFileReference section */

/* Begin PBXFrameworksBuildPhase section */
		E8355D4C1600E35300785E2C /* Frameworks */ = {
			isa = PBXFrameworksBuildPhase;
			buildActionMask = 2147483647;
			files = (
				E8355D541600E35300785E2C /* UIKit.framework in Frameworks */,
				E8355D561600E35300785E2C /* Foundation.framework in Frameworks */,
				E8355D581600E35300785E2C /* CoreGraphics.framework in Frameworks */,
				177C3A821D894EDCA3B0BAFF /* libPods.a in Frameworks */,
			);
			runOnlyForDeploymentPostprocessing = 0;
		};
/* End PBXFrameworksBuildPhase section */

/* Begin PBXGroup section */
		E8355D441600E35300785E2C = {
			isa = PBXGroup;
			children = (
				E8355D591600E35300785E2C /* BasicAuthClientDemo */,
				E8355D521600E35300785E2C /* Frameworks */,
				E8355D501600E35300785E2C /* Products */,
				B87430FD6DB84A2FAC1E083E /* Pods.xcconfig */,
			);
			sourceTree = "<group>";
		};
		E8355D501600E35300785E2C /* Products */ = {
			isa = PBXGroup;
			children = (
				E8355D4F1600E35300785E2C /* BasicAuthClientDemo.app */,
			);
			name = Products;
			sourceTree = "<group>";
		};
		E8355D521600E35300785E2C /* Frameworks */ = {
			isa = PBXGroup;
			children = (
				E8355D531600E35300785E2C /* UIKit.framework */,
				E8355D551600E35300785E2C /* Foundation.framework */,
				E8355D571600E35300785E2C /* CoreGraphics.framework */,
				88E718D8B5FB4B7EB56ED7F9 /* libPods.a */,
			);
			name = Frameworks;
			sourceTree = "<group>";
		};
		E8355D591600E35300785E2C /* BasicAuthClientDemo */ = {
			isa = PBXGroup;
			children = (
				E8355D621600E35300785E2C /* AppDelegate.h */,
				E8355D631600E35300785E2C /* AppDelegate.m */,
				E89053AF1602897B00A822DA /* DiaryEntry.h */,
				E89053B01602897B00A822DA /* DiaryEntry.m */,
				E89053B216028BED00A822DA /* DiaryEntryModel.xcdatamodeld */,
				E8355D6A1600E3AD00785E2C /* DiaryEntriesViewController.h */,
				E8355D6B1600E3AD00785E2C /* DiaryEntriesViewController.m */,
				E8355D721600E4DC00785E2C /* DiaryStore.h */,
				E8355D731600E4DC00785E2C /* DiaryStore.m */,
				E8355D5A1600E35300785E2C /* Supporting Files */,
			);
			path = BasicAuthClientDemo;
			sourceTree = "<group>";
		};
		E8355D5A1600E35300785E2C /* Supporting Files */ = {
			isa = PBXGroup;
			children = (
				E8355D5B1600E35300785E2C /* BasicAuthClientDemo-Info.plist */,
				E8355D5C1600E35300785E2C /* InfoPlist.strings */,
				E8355D5F1600E35300785E2C /* main.m */,
				E8355D611600E35300785E2C /* BasicAuthClientDemo-Prefix.pch */,
			);
			name = "Supporting Files";
			sourceTree = "<group>";
		};
/* End PBXGroup section */

/* Begin PBXNativeTarget section */
		E8355D4E1600E35300785E2C /* BasicAuthClientDemo */ = {
			isa = PBXNativeTarget;
			buildConfigurationList = E8355D671600E35300785E2C /* Build configuration list for PBXNativeTarget "BasicAuthClientDemo" */;
			buildPhases = (
				E8355D4B1600E35300785E2C /* Sources */,
				E8355D4C1600E35300785E2C /* Frameworks */,
				E8355D4D1600E35300785E2C /* Resources */,
				19A5C338E137463DB2095D7D /* Copy Pods Resources */,
			);
			buildRules = (
			);
			dependencies = (
			);
			name = BasicAuthClientDemo;
			productName = BasicAuthClientDemo;
			productReference = E8355D4F1600E35300785E2C /* BasicAuthClientDemo.app */;
			productType = "com.apple.product-type.application";
		};
/* End PBXNativeTarget section */

/* Begin PBXProject section */
		E8355D461600E35300785E2C /* Project object */ = {
			isa = PBXProject;
			attributes = {
				LastUpgradeCheck = 0440;
				ORGANIZATIONNAME = "Edward Ruggeri";
			};
			buildConfigurationList = E8355D491600E35300785E2C /* Build configuration list for PBXProject "BasicAuthClientDemo" */;
			compatibilityVersion = "Xcode 3.2";
			developmentRegion = English;
			hasScannedForEncodings = 0;
			knownRegions = (
				en,
			);
			mainGroup = E8355D441600E35300785E2C;
			productRefGroup = E8355D501600E35300785E2C /* Products */;
			projectDirPath = "";
			projectRoot = "";
			targets = (
				E8355D4E1600E35300785E2C /* BasicAuthClientDemo */,
			);
		};
/* End PBXProject section */

/* Begin PBXResourcesBuildPhase section */
		E8355D4D1600E35300785E2C /* Resources */ = {
			isa = PBXResourcesBuildPhase;
			buildActionMask = 2147483647;
			files = (
				E8355D5E1600E35300785E2C /* InfoPlist.strings in Resources */,
			);
			runOnlyForDeploymentPostprocessing = 0;
		};
/* End PBXResourcesBuildPhase section */

/* Begin PBXShellScriptBuildPhase section */
		19A5C338E137463DB2095D7D /* Copy Pods Resources */ = {
			isa = PBXShellScriptBuildPhase;
			buildActionMask = 2147483647;
			files = (
			);
			inputPaths = (
			);
			name = "Copy Pods Resources";
			outputPaths = (
			);
			runOnlyForDeploymentPostprocessing = 0;
			shellPath = /bin/sh;
			shellScript = "\"${SRCROOT}/Pods/Pods-resources.sh\"\n";
		};
/* End PBXShellScriptBuildPhase section */

/* Begin PBXSourcesBuildPhase section */
		E8355D4B1600E35300785E2C /* Sources */ = {
			isa = PBXSourcesBuildPhase;
			buildActionMask = 2147483647;
			files = (
				E8355D601600E35300785E2C /* main.m in Sources */,
				E8355D641600E35300785E2C /* AppDelegate.m in Sources */,
				E8355D6D1600E3AD00785E2C /* DiaryEntriesViewController.m in Sources */,
				E8355D741600E4DC00785E2C /* DiaryStore.m in Sources */,
				E89053B11602897B00A822DA /* DiaryEntry.m in Sources */,
				E89053B416028BED00A822DA /* DiaryEntryModel.xcdatamodeld in Sources */,
			);
			runOnlyForDeploymentPostprocessing = 0;
		};
/* End PBXSourcesBuildPhase section */

/* Begin PBXVariantGroup section */
		E8355D5C1600E35300785E2C /* InfoPlist.strings */ = {
			isa = PBXVariantGroup;
			children = (
				E8355D5D1600E35300785E2C /* en */,
			);
			name = InfoPlist.strings;
			sourceTree = "<group>";
		};
/* End PBXVariantGroup section */

/* Begin XCBuildConfiguration section */
		E8355D651600E35300785E2C /* Debug */ = {
			isa = XCBuildConfiguration;
			buildSettings = {
				ALWAYS_SEARCH_USER_PATHS = NO;
				ARCHS = "$(ARCHS_STANDARD_32_BIT)";
				CLANG_CXX_LANGUAGE_STANDARD = "gnu++0x";
				CLANG_ENABLE_OBJC_ARC = YES;
				CLANG_WARN__DUPLICATE_METHOD_MATCH = YES;
				"CODE_SIGN_IDENTITY[sdk=iphoneos*]" = "iPhone Developer";
				COPY_PHASE_STRIP = NO;
				GCC_C_LANGUAGE_STANDARD = gnu99;
				GCC_DYNAMIC_NO_PIC = NO;
				GCC_OPTIMIZATION_LEVEL = 0;
				GCC_PREPROCESSOR_DEFINITIONS = (
					"DEBUG=1",
					"$(inherited)",
				);
				GCC_SYMBOLS_PRIVATE_EXTERN = NO;
				GCC_VERSION = com.apple.compilers.llvm.clang.1_0;
				GCC_WARN_ABOUT_RETURN_TYPE = YES;
				GCC_WARN_UNINITIALIZED_AUTOS = YES;
				GCC_WARN_UNUSED_VARIABLE = YES;
				IPHONEOS_DEPLOYMENT_TARGET = 5.1;
				SDKROOT = iphoneos;
				TARGETED_DEVICE_FAMILY = "1,2";
			};
			name = Debug;
		};
		E8355D661600E35300785E2C /* Release */ = {
			isa = XCBuildConfiguration;
			buildSettings = {
				ALWAYS_SEARCH_USER_PATHS = NO;
				ARCHS = "$(ARCHS_STANDARD_32_BIT)";
				CLANG_CXX_LANGUAGE_STANDARD = "gnu++0x";
				CLANG_ENABLE_OBJC_ARC = YES;
				CLANG_WARN__DUPLICATE_METHOD_MATCH = YES;
				"CODE_SIGN_IDENTITY[sdk=iphoneos*]" = "iPhone Developer";
				COPY_PHASE_STRIP = YES;
				GCC_C_LANGUAGE_STANDARD = gnu99;
				GCC_VERSION = com.apple.compilers.llvm.clang.1_0;
				GCC_WARN_ABOUT_RETURN_TYPE = YES;
				GCC_WARN_UNINITIALIZED_AUTOS = YES;
				GCC_WARN_UNUSED_VARIABLE = YES;
				IPHONEOS_DEPLOYMENT_TARGET = 5.1;
				OTHER_CFLAGS = "-DNS_BLOCK_ASSERTIONS=1";
				SDKROOT = iphoneos;
				TARGETED_DEVICE_FAMILY = "1,2";
				VALIDATE_PRODUCT = YES;
			};
			name = Release;
		};
		E8355D681600E35300785E2C /* Debug */ = {
			isa = XCBuildConfiguration;
			baseConfigurationReference = B87430FD6DB84A2FAC1E083E /* Pods.xcconfig */;
			buildSettings = {
				GCC_PRECOMPILE_PREFIX_HEADER = YES;
				GCC_PREFIX_HEADER = "BasicAuthClientDemo/BasicAuthClientDemo-Prefix.pch";
				INFOPLIST_FILE = "BasicAuthClientDemo/BasicAuthClientDemo-Info.plist";
				PRODUCT_NAME = "$(TARGET_NAME)";
				WRAPPER_EXTENSION = app;
			};
			name = Debug;
		};
		E8355D691600E35300785E2C /* Release */ = {
			isa = XCBuildConfiguration;
			baseConfigurationReference = B87430FD6DB84A2FAC1E083E /* Pods.xcconfig */;
			buildSettings = {
				GCC_PRECOMPILE_PREFIX_HEADER = YES;
				GCC_PREFIX_HEADER = "BasicAuthClientDemo/BasicAuthClientDemo-Prefix.pch";
				INFOPLIST_FILE = "BasicAuthClientDemo/BasicAuthClientDemo-Info.plist";
				PRODUCT_NAME = "$(TARGET_NAME)";
				WRAPPER_EXTENSION = app;
			};
			name = Release;
		};
/* End XCBuildConfiguration section */

/* Begin XCConfigurationList section */
		E8355D491600E35300785E2C /* Build configuration list for PBXProject "BasicAuthClientDemo" */ = {
			isa = XCConfigurationList;
			buildConfigurations = (
				E8355D651600E35300785E2C /* Debug */,
				E8355D661600E35300785E2C /* Release */,
			);
			defaultConfigurationIsVisible = 0;
			defaultConfigurationName = Release;
		};
		E8355D671600E35300785E2C /* Build configuration list for PBXNativeTarget "BasicAuthClientDemo" */ = {
			isa = XCConfigurationList;
			buildConfigurations = (
				E8355D681600E35300785E2C /* Debug */,
				E8355D691600E35300785E2C /* Release */,
			);
			defaultConfigurationIsVisible = 0;
			defaultConfigurationName = Release;
		};
/* End XCConfigurationList section */

/* Begin XCVersionGroup section */
		E89053B216028BED00A822DA /* DiaryEntryModel.xcdatamodeld */ = {
			isa = XCVersionGroup;
			children = (
				E89053B316028BED00A822DA /* DiaryEntryModel.xcdatamodel */,
			);
			currentVersion = E89053B316028BED00A822DA /* DiaryEntryModel.xcdatamodel */;
			path = DiaryEntryModel.xcdatamodeld;
			sourceTree = "<group>";
			versionGroupType = wrapper.xcdatamodel;
		};
/* End XCVersionGroup section */
	};
	rootObject = E8355D461600E35300785E2C /* Project object */;
}
